
Microsoft Visual Studio Solution File, Format Version 12.00
# Visual Studio 15
VisualStudioVersion = 15.0.28010.2036
MinimumVisualStudioVersion = 10.0.40219.1
Project("{FAE04EC0-301F-11D3-BF4B-00C04F79EFBC}") = "Pointel.FolderNotifier", "Pointel.FolderNotifier\Pointel.FolderNotifier.csproj", "{A36A2A25-B621-43B0-A293-09988BD21990}"
EndProject
Global
	GlobalSection(SolutionConfigurationPlatforms) = preSolution
		Debug|Any CPU = Debug|Any CPU
		Release|Any CPU = Release|Any CPU
	EndGlobalSection
	GlobalSection(ProjectConfigurationPlatforms) = postSolution
		{A36A2A25-B621-43B0-A293-09988BD21990}.Debug|Any CPU.ActiveCfg = Debug|Any CPU
		{A36A2A25-B621-43B0-A293-09988BD21990}.Debug|Any CPU.Build.0 = Debug|Any CPU
		{A36A2A25-B621-43B0-A293-09988BD21990}.Release|Any CPU.ActiveCfg = Release|Any CPU
		{A36A2A25-B621-43B0-A293-09988BD21990}.Release|Any CPU.Build.0 = Release|Any CPU
	EndGlobalSection
	GlobalSection(SolutionProperties) = preSolution
		HideSolutionNode = FALSE
	EndGlobalSection
	GlobalSection(ExtensibilityGlobals) = postSolution
		SolutionGuid = {CF1C209D-68CF-4FA6-94AD-B8275D2971C5}
	EndGlobalSection
EndGlobal
